
Microsoft Visual Studio Solution File, Format Version 12.00
# Visual Studio Version 17
VisualStudioVersion = 17.0.31919.166
MinimumVisualStudioVersion = 10.0.40219.1
Project("{FAE04EC0-301F-11D3-BF4B-00C04F79EFBC}") = "EntityManager", "EntityManager\EntityManager.csproj", "{09533481-C6BE-4880-8C3B-CEA703439904}"
EndProject
Global
	GlobalSection(SolutionConfigurationPlatforms) = preSolution
		Debug|Any CPU = Debug|Any CPU
		Release|Any CPU = Release|Any CPU
	EndGlobalSection
	GlobalSection(ProjectConfigurationPlatforms) = postSolution
		{09533481-C6BE-4880-8C3B-CEA703439904}.Debug|Any CPU.ActiveCfg = Debug|Any CPU
		{09533481-C6BE-4880-8C3B-CEA703439904}.Debug|Any CPU.Build.0 = Debug|Any CPU
		{09533481-C6BE-4880-8C3B-CEA703439904}.Release|Any CPU.ActiveCfg = Release|Any CPU
		{09533481-C6BE-4880-8C3B-CEA703439904}.Release|Any CPU.Build.0 = Release|Any CPU
	EndGlobalSection
	GlobalSection(SolutionProperties) = preSolution
		HideSolutionNode = FALSE
	EndGlobalSection
	GlobalSection(ExtensibilityGlobals) = postSolution
		SolutionGuid = {5DFBAA3A-4901-47DF-8A3B-34518FFDE372}
	EndGlobalSection
EndGlobal
